{
  "originHash" : "d8da1282993419d598364299bc5721e7b136e130e63ac2e32cdf17159ea65fd5",
  "pins" : [
    {
      "identity" : "rename-kit",
      "kind" : "remoteSourceControl",
      "location" : "https://github.com/andre-statsig/rename-kit.git",
      "state" : {
        "revision" : "399a50d47b66eee5723e7e2415e6be5368ec9eb3",
        "version" : "1.0.1"
      }
    }
  ],
  "version" : 3
}
